{
  "pins" : [
    {
      "identity" : "bigint",
      "kind" : "remoteSourceControl",
      "location" : "https://github.com/attaswift/BigInt.git",
      "state" : {
        "revision" : "0ed110f7555c34ff468e72e1686e59721f2b0da6",
        "version" : "5.3.0"
      }
    },
    {
      "identity" : "fcl-swift",
      "kind" : "remoteSourceControl",
      "location" : "https://github.com/Outblock/fcl-swift",
      "state" : {
        "revision" : "c9402ca1b36367ca17f06aaeb84e22b3097424c6",
        "version" : "0.0.3"
      }
    },
    {
      "identity" : "flow-swift",
      "kind" : "remoteSourceControl",
      "location" : "https://github.com/outblock/flow-swift.git",
      "state" : {
        "revision" : "f72ab1b06b21590e36ee5517b401237cf455a9f3",
        "version" : "0.2.2"
      }
    }
  ],
  "version" : 2
}
